// !$*UTF8*$!
{
	archiveVersion = 1;
	classes = {
	};
	objectVersion = 48;
	objects = {

/* Begin PBXBuildFile section */
		06399752F14CDC2D5FBB88DB /* Pods_DouYuZhiBoTests.framework in Frameworks */ = {isa = PBXBuildFile; fileRef = B6780BFF5831C43F4D9F2C7A /* Pods_DouYuZhiBoTests.framework */; };
		1EBE61F0A7468047E4794E12 /* Pods_DouYuZhiBo.framework in Frameworks */ = {isa = PBXBuildFile; fileRef = 99315DF565A332B0FE827294 /* Pods_DouYuZhiBo.framework */; };
		75CBE7C68BE37AAF748B458F /* Pods_DouYuZhiBoUITests.framework in Frameworks */ = {isa = PBXBuildFile; fileRef = B05DE2A07D10338EB5A786A1 /* Pods_DouYuZhiBoUITests.framework */; };
		821EA01E1FB1476300BD8989 /* AppDelegate.swift in Sources */ = {isa = PBXBuildFile; fileRef = 821EA01D1FB1476300BD8989 /* AppDelegate.swift */; };
		821EA0231FB1476300BD8989 /* Main.storyboard in Resources */ = {isa = PBXBuildFile; fileRef = 821EA0211FB1476300BD8989 /* Main.storyboard */; };
		821EA0251FB1476300BD8989 /* Assets.xcassets in Resources */ = {isa = PBXBuildFile; fileRef = 821EA0241FB1476300BD8989 /* Assets.xcassets */; };
		821EA0331FB1476300BD8989 /* DouYuZhiBoTests.swift in Sources */ = {isa = PBXBuildFile; fileRef = 821EA0321FB1476300BD8989 /* DouYuZhiBoTests.swift */; };
		821EA03E1FB1476300BD8989 /* DouYuZhiBoUITests.swift in Sources */ = {isa = PBXBuildFile; fileRef = 821EA03D1FB1476300BD8989 /* DouYuZhiBoUITests.swift */; };
		821EA0651FB14CED00BD8989 /* ViewController.swift in Sources */ = {isa = PBXBuildFile; fileRef = 821EA0541FB14CEC00BD8989 /* ViewController.swift */; };
		821EA0671FB152F800BD8989 /* Images.xcassets in Resources */ = {isa = PBXBuildFile; fileRef = 821EA0661FB152F800BD8989 /* Images.xcassets */; };
		821EA06F1FB158DF00BD8989 /* Follow.storyboard in Resources */ = {isa = PBXBuildFile; fileRef = 821EA06E1FB158DF00BD8989 /* Follow.storyboard */; };
		821EA0711FB1590D00BD8989 /* Live.storyboard in Resources */ = {isa = PBXBuildFile; fileRef = 821EA0701FB1590D00BD8989 /* Live.storyboard */; };
		821EA0731FB1593B00BD8989 /* Profile.storyboard in Resources */ = {isa = PBXBuildFile; fileRef = 821EA0721FB1593B00BD8989 /* Profile.storyboard */; };
		821EA0751FB1599200BD8989 /* Home.storyboard in Resources */ = {isa = PBXBuildFile; fileRef = 821EA0741FB1599200BD8989 /* Home.storyboard */; };
		821EA0771FB15BEA00BD8989 /* MainTabBarViewController.swift in Sources */ = {isa = PBXBuildFile; fileRef = 821EA0761FB15BEA00BD8989 /* MainTabBarViewController.swift */; };
		821EA0791FB15E7E00BD8989 /* MainViewController.swift in Sources */ = {isa = PBXBuildFile; fileRef = 821EA0781FB15E7E00BD8989 /* MainViewController.swift */; };
		821EA07B1FB15E9C00BD8989 /* HomeViewController.swift in Sources */ = {isa = PBXBuildFile; fileRef = 821EA07A1FB15E9C00BD8989 /* HomeViewController.swift */; };
		821EA07D1FB15EB000BD8989 /* FollowViewController.swift in Sources */ = {isa = PBXBuildFile; fileRef = 821EA07C1FB15EB000BD8989 /* FollowViewController.swift */; };
		821EA07F1FB15EBF00BD8989 /* LiveViewController.swift in Sources */ = {isa = PBXBuildFile; fileRef = 821EA07E1FB15EBF00BD8989 /* LiveViewController.swift */; };
		821EA0811FB15ECD00BD8989 /* ProfileViewController.swift in Sources */ = {isa = PBXBuildFile; fileRef = 821EA0801FB15ECD00BD8989 /* ProfileViewController.swift */; };
/* End PBXBuildFile section */

/* Begin PBXContainerItemProxy section */
		821EA02F1FB1476300BD8989 /* PBXContainerItemProxy */ = {
			isa = PBXContainerItemProxy;
			containerPortal = 821EA0121FB1476300BD8989 /* Project object */;
			proxyType = 1;
			remoteGlobalIDString = 821EA0191FB1476300BD8989;
			remoteInfo = DouYuZhiBo;
		};
		821EA03A1FB1476300BD8989 /* PBXContainerItemProxy */ = {
			isa = PBXContainerItemProxy;
			containerPortal = 821EA0121FB1476300BD8989 /* Project object */;
			proxyType = 1;
			remoteGlobalIDString = 821EA0191FB1476300BD8989;
			remoteInfo = DouYuZhiBo;
		};
/* End PBXContainerItemProxy section */

/* Begin PBXFileReference section */
		246486D799DA91178AED041C /* Pods-DouYuZhiBoUITests.release.xcconfig */ = {isa = PBXFileReference; includeInIndex = 1; lastKnownFileType = text.xcconfig; name = "Pods-DouYuZhiBoUITests.release.xcconfig"; path = "Pods/Target Support Files/Pods-DouYuZhiBoUITests/Pods-DouYuZhiBoUITests.release.xcconfig"; sourceTree = "<group>"; };
		4C9437BF6F7E3D2B730DFBED /* Pods-DouYuZhiBoTests.release.xcconfig */ = {isa = PBXFileReference; includeInIndex = 1; lastKnownFileType = text.xcconfig; name = "Pods-DouYuZhiBoTests.release.xcconfig"; path = "Pods/Target Support Files/Pods-DouYuZhiBoTests/Pods-DouYuZhiBoTests.release.xcconfig"; sourceTree = "<group>"; };
		821EA01A1FB1476300BD8989 /* DouYuZhiBo.app */ = {isa = PBXFileReference; explicitFileType = wrapper.application; includeInIndex = 0; path = DouYuZhiBo.app; sourceTree = BUILT_PRODUCTS_DIR; };
		821EA01D1FB1476300BD8989 /* AppDelegate.swift */ = {isa = PBXFileReference; lastKnownFileType = sourcecode.swift; path = AppDelegate.swift; sourceTree = "<group>"; };
		821EA0221FB1476300BD8989 /* Base */ = {isa = PBXFileReference; lastKnownFileType = file.storyboard; name = Base; path = Base.lproj/Main.storyboard; sourceTree = "<group>"; };
		821EA0241FB1476300BD8989 /* Assets.xcassets */ = {isa = PBXFileReference; lastKnownFileType = folder.assetcatalog; path = Assets.xcassets; sourceTree = "<group>"; };
		821EA0291FB1476300BD8989 /* Info.plist */ = {isa = PBXFileReference; lastKnownFileType = text.plist.xml; path = Info.plist; sourceTree = "<group>"; };
		821EA02E1FB1476300BD8989 /* DouYuZhiBoTests.xctest */ = {isa = PBXFileReference; explicitFileType = wrapper.cfbundle; includeInIndex = 0; path = DouYuZhiBoTests.xctest; sourceTree = BUILT_PRODUCTS_DIR; };
		821EA0321FB1476300BD8989 /* DouYuZhiBoTests.swift */ = {isa = PBXFileReference; lastKnownFileType = sourcecode.swift; path = DouYuZhiBoTests.swift; sourceTree = "<group>"; };
		821EA0341FB1476300BD8989 /* Info.plist */ = {isa = PBXFileReference; lastKnownFileType = text.plist.xml; path = Info.plist; sourceTree = "<group>"; };
		821EA0391FB1476300BD8989 /* DouYuZhiBoUITests.xctest */ = {isa = PBXFileReference; explicitFileType = wrapper.cfbundle; includeInIndex = 0; path = DouYuZhiBoUITests.xctest; sourceTree = BUILT_PRODUCTS_DIR; };
		821EA03D1FB1476300BD8989 /* DouYuZhiBoUITests.swift */ = {isa = PBXFileReference; lastKnownFileType = sourcecode.swift; path = DouYuZhiBoUITests.swift; sourceTree = "<group>"; };
		821EA03F1FB1476300BD8989 /* Info.plist */ = {isa = PBXFileReference; lastKnownFileType = text.plist.xml; path = Info.plist; sourceTree = "<group>"; };
		821EA0541FB14CEC00BD8989 /* ViewController.swift */ = {isa = PBXFileReference; fileEncoding = 4; lastKnownFileType = sourcecode.swift; path = ViewController.swift; sourceTree = "<group>"; };
		821EA0661FB152F800BD8989 /* Images.xcassets */ = {isa = PBXFileReference; lastKnownFileType = folder.assetcatalog; path = Images.xcassets; sourceTree = "<group>"; };
		821EA06E1FB158DF00BD8989 /* Follow.storyboard */ = {isa = PBXFileReference; fileEncoding = 4; lastKnownFileType = file.storyboard; path = Follow.storyboard; sourceTree = "<group>"; };
		821EA0701FB1590D00BD8989 /* Live.storyboard */ = {isa = PBXFileReference; fileEncoding = 4; lastKnownFileType = file.storyboard; path = Live.storyboard; sourceTree = "<group>"; };
		821EA0721FB1593B00BD8989 /* Profile.storyboard */ = {isa = PBXFileReference; fileEncoding = 4; lastKnownFileType = file.storyboard; path = Profile.storyboard; sourceTree = "<group>"; };
		821EA0741FB1599200BD8989 /* Home.storyboard */ = {isa = PBXFileReference; fileEncoding = 4; lastKnownFileType = file.storyboard; path = Home.storyboard; sourceTree = "<group>"; };
		821EA0761FB15BEA00BD8989 /* MainTabBarViewController.swift */ = {isa = PBXFileReference; lastKnownFileType = sourcecode.swift; path = MainTabBarViewController.swift; sourceTree = "<group>"; };
		821EA0781FB15E7E00BD8989 /* MainViewController.swift */ = {isa = PBXFileReference; lastKnownFileType = sourcecode.swift; path = MainViewController.swift; sourceTree = "<group>"; };
		821EA07A1FB15E9C00BD8989 /* HomeViewController.swift */ = {isa = PBXFileReference; lastKnownFileType = sourcecode.swift; path = HomeViewController.swift; sourceTree = "<group>"; };
		821EA07C1FB15EB000BD8989 /* FollowViewController.swift */ = {isa = PBXFileReference; lastKnownFileType = sourcecode.swift; path = FollowViewController.swift; sourceTree = "<group>"; };
		821EA07E1FB15EBF00BD8989 /* LiveViewController.swift */ = {isa = PBXFileReference; lastKnownFileType = sourcecode.swift; path = LiveViewController.swift; sourceTree = "<group>"; };
		821EA0801FB15ECD00BD8989 /* ProfileViewController.swift */ = {isa = PBXFileReference; lastKnownFileType = sourcecode.swift; path = ProfileViewController.swift; sourceTree = "<group>"; };
		99315DF565A332B0FE827294 /* Pods_DouYuZhiBo.framework */ = {isa = PBXFileReference; explicitFileType = wrapper.framework; includeInIndex = 0; path = Pods_DouYuZhiBo.framework; sourceTree = BUILT_PRODUCTS_DIR; };
		B05DE2A07D10338EB5A786A1 /* Pods_DouYuZhiBoUITests.framework */ = {isa = PBXFileReference; explicitFileType = wrapper.framework; includeInIndex = 0; path = Pods_DouYuZhiBoUITests.framework; sourceTree = BUILT_PRODUCTS_DIR; };
		B25B28717BD875EF130E16C2 /* Pods-DouYuZhiBoTests.debug.xcconfig */ = {isa = PBXFileReference; includeInIndex = 1; lastKnownFileType = text.xcconfig; name = "Pods-DouYuZhiBoTests.debug.xcconfig"; path = "Pods/Target Support Files/Pods-DouYuZhiBoTests/Pods-DouYuZhiBoTests.debug.xcconfig"; sourceTree = "<group>"; };
		B6780BFF5831C43F4D9F2C7A /* Pods_DouYuZhiBoTests.framework */ = {isa = PBXFileReference; explicitFileType = wrapper.framework; includeInIndex = 0; path = Pods_DouYuZhiBoTests.framework; sourceTree = BUILT_PRODUCTS_DIR; };
		D9759E1E70E2B280E4F5DA89 /* Pods-DouYuZhiBoUITests.debug.xcconfig */ = {isa = PBXFileReference; includeInIndex = 1; lastKnownFileType = text.xcconfig; name = "Pods-DouYuZhiBoUITests.debug.xcconfig"; path = "Pods/Target Support Files/Pods-DouYuZhiBoUITests/Pods-DouYuZhiBoUITests.debug.xcconfig"; sourceTree = "<group>"; };
		DC4BB96D8849B5EDB1AC28C6 /* Pods-DouYuZhiBo.debug.xcconfig */ = {isa = PBXFileReference; includeInIndex = 1; lastKnownFileType = text.xcconfig; name = "Pods-DouYuZhiBo.debug.xcconfig"; path = "Pods/Target Support Files/Pods-DouYuZhiBo/Pods-DouYuZhiBo.debug.xcconfig"; sourceTree = "<group>"; };
		FA5998F308D91B3569672F2A /* Pods-DouYuZhiBo.release.xcconfig */ = {isa = PBXFileReference; includeInIndex = 1; lastKnownFileType = text.xcconfig; name = "Pods-DouYuZhiBo.release.xcconfig"; path = "Pods/Target Support Files/Pods-DouYuZhiBo/Pods-DouYuZhiBo.release.xcconfig"; sourceTree = "<group>"; };
/* End PBXFileReference section */

/* Begin PBXFrameworksBuildPhase section */
		821EA0171FB1476300BD8989 /* Frameworks */ = {
			isa = PBXFrameworksBuildPhase;
			buildActionMask = 2147483647;
			files = (
				1EBE61F0A7468047E4794E12 /* Pods_DouYuZhiBo.framework in Frameworks */,
			);
			runOnlyForDeploymentPostprocessing = 0;
		};
		821EA02B1FB1476300BD8989 /* Frameworks */ = {
			isa = PBXFrameworksBuildPhase;
			buildActionMask = 2147483647;
			files = (
				06399752F14CDC2D5FBB88DB /* Pods_DouYuZhiBoTests.framework in Frameworks */,
			);
			runOnlyForDeploymentPostprocessing = 0;
		};
		821EA0361FB1476300BD8989 /* Frameworks */ = {
			isa = PBXFrameworksBuildPhase;
			buildActionMask = 2147483647;
			files = (
				75CBE7C68BE37AAF748B458F /* Pods_DouYuZhiBoUITests.framework in Frameworks */,
			);
			runOnlyForDeploymentPostprocessing = 0;
		};
/* End PBXFrameworksBuildPhase section */

/* Begin PBXGroup section */
		782C43709F5816A820F226C5 /* Pods */ = {
			isa = PBXGroup;
			children = (
				DC4BB96D8849B5EDB1AC28C6 /* Pods-DouYuZhiBo.debug.xcconfig */,
				FA5998F308D91B3569672F2A /* Pods-DouYuZhiBo.release.xcconfig */,
				B25B28717BD875EF130E16C2 /* Pods-DouYuZhiBoTests.debug.xcconfig */,
				4C9437BF6F7E3D2B730DFBED /* Pods-DouYuZhiBoTests.release.xcconfig */,
				D9759E1E70E2B280E4F5DA89 /* Pods-DouYuZhiBoUITests.debug.xcconfig */,
				246486D799DA91178AED041C /* Pods-DouYuZhiBoUITests.release.xcconfig */,
			);
			name = Pods;
			sourceTree = "<group>";
		};
		821EA0111FB1476300BD8989 = {
			isa = PBXGroup;
			children = (
				821EA01C1FB1476300BD8989 /* DouYuZhiBo */,
				821EA0311FB1476300BD8989 /* DouYuZhiBoTests */,
				821EA03C1FB1476300BD8989 /* DouYuZhiBoUITests */,
				821EA01B1FB1476300BD8989 /* Products */,
				782C43709F5816A820F226C5 /* Pods */,
				DCE3F38A122842F3F3F1CEC8 /* Frameworks */,
			);
			sourceTree = "<group>";
		};
		821EA01B1FB1476300BD8989 /* Products */ = {
			isa = PBXGroup;
			children = (
				821EA01A1FB1476300BD8989 /* DouYuZhiBo.app */,
				821EA02E1FB1476300BD8989 /* DouYuZhiBoTests.xctest */,
				821EA0391FB1476300BD8989 /* DouYuZhiBoUITests.xctest */,
			);
			name = Products;
			sourceTree = "<group>";
		};
		821EA01C1FB1476300BD8989 /* DouYuZhiBo */ = {
			isa = PBXGroup;
			children = (
				821EA0501FB14CEC00BD8989 /* Main */,
				821EA0591FB14CEC00BD8989 /* Home */,
				821EA05D1FB14CED00BD8989 /* Follow */,
				821EA0611FB14CED00BD8989 /* Live */,
				821EA0551FB14CEC00BD8989 /* Profile */,
				821EA01D1FB1476300BD8989 /* AppDelegate.swift */,
				821EA0241FB1476300BD8989 /* Assets.xcassets */,
				821EA0291FB1476300BD8989 /* Info.plist */,
				821EA0661FB152F800BD8989 /* Images.xcassets */,
			);
			path = DouYuZhiBo;
			sourceTree = "<group>";
		};
		821EA0311FB1476300BD8989 /* DouYuZhiBoTests */ = {
			isa = PBXGroup;
			children = (
				821EA0321FB1476300BD8989 /* DouYuZhiBoTests.swift */,
				821EA0341FB1476300BD8989 /* Info.plist */,
			);
			path = DouYuZhiBoTests;
			sourceTree = "<group>";
		};
		821EA03C1FB1476300BD8989 /* DouYuZhiBoUITests */ = {
			isa = PBXGroup;
			children = (
				821EA03D1FB1476300BD8989 /* DouYuZhiBoUITests.swift */,
				821EA03F1FB1476300BD8989 /* Info.plist */,
			);
			path = DouYuZhiBoUITests;
			sourceTree = "<group>";
		};
		821EA0501FB14CEC00BD8989 /* Main */ = {
			isa = PBXGroup;
			children = (
				821EA0511FB14CEC00BD8989 /* Controller */,
				821EA0521FB14CEC00BD8989 /* Model */,
				821EA0531FB14CEC00BD8989 /* View */,
				821EA0541FB14CEC00BD8989 /* ViewController.swift */,
			);
			path = Main;
			sourceTree = "<group>";
		};
		821EA0511FB14CEC00BD8989 /* Controller */ = {
			isa = PBXGroup;
			children = (
				821EA0211FB1476300BD8989 /* Main.storyboard */,
				821EA0761FB15BEA00BD8989 /* MainTabBarViewController.swift */,
				821EA0781FB15E7E00BD8989 /* MainViewController.swift */,
			);
			path = Controller;
			sourceTree = "<group>";
		};
		821EA0521FB14CEC00BD8989 /* Model */ = {
			isa = PBXGroup;
			children = (
			);
			path = Model;
			sourceTree = "<group>";
		};
		821EA0531FB14CEC00BD8989 /* View */ = {
			isa = PBXGroup;
			children = (
			);
			path = View;
			sourceTree = "<group>";
		};
		821EA0551FB14CEC00BD8989 /* Profile */ = {
			isa = PBXGroup;
			children = (
				821EA0561FB14CEC00BD8989 /* Controller */,
				821EA0571FB14CEC00BD8989 /* Model */,
				821EA0581FB14CEC00BD8989 /* View */,
			);
			path = Profile;
			sourceTree = "<group>";
		};
		821EA0561FB14CEC00BD8989 /* Controller */ = {
			isa = PBXGroup;
			children = (
				821EA0721FB1593B00BD8989 /* Profile.storyboard */,
				821EA0801FB15ECD00BD8989 /* ProfileViewController.swift */,
			);
			path = Controller;
			sourceTree = "<group>";
		};
		821EA0571FB14CEC00BD8989 /* Model */ = {
			isa = PBXGroup;
			children = (
			);
			path = Model;
			sourceTree = "<group>";
		};
		821EA0581FB14CEC00BD8989 /* View */ = {
			isa = PBXGroup;
			children = (
			);
			path = View;
			sourceTree = "<group>";
		};
		821EA0591FB14CEC00BD8989 /* Home */ = {
			isa = PBXGroup;
			children = (
				821EA05A1FB14CEC00BD8989 /* Controller */,
				821EA05B1FB14CEC00BD8989 /* Model */,
				821EA05C1FB14CEC00BD8989 /* View */,
			);
			path = Home;
			sourceTree = "<group>";
		};
		821EA05A1FB14CEC00BD8989 /* Controller */ = {
			isa = PBXGroup;
			children = (
				821EA0741FB1599200BD8989 /* Home.storyboard */,
				821EA07A1FB15E9C00BD8989 /* HomeViewController.swift */,
			);
			path = Controller;
			sourceTree = "<group>";
		};
		821EA05B1FB14CEC00BD8989 /* Model */ = {
			isa = PBXGroup;
			children = (
			);
			path = Model;
			sourceTree = "<group>";
		};
		821EA05C1FB14CEC00BD8989 /* View */ = {
			isa = PBXGroup;
			children = (
			);
			path = View;
			sourceTree = "<group>";
		};
		821EA05D1FB14CED00BD8989 /* Follow */ = {
			isa = PBXGroup;
			children = (
				821EA05E1FB14CED00BD8989 /* Controller */,
				821EA05F1FB14CED00BD8989 /* Model */,
				821EA0601FB14CED00BD8989 /* View */,
			);
			path = Follow;
			sourceTree = "<group>";
		};
		821EA05E1FB14CED00BD8989 /* Controller */ = {
			isa = PBXGroup;
			children = (
				821EA06E1FB158DF00BD8989 /* Follow.storyboard */,
				821EA07C1FB15EB000BD8989 /* FollowViewController.swift */,
			);
			path = Controller;
			sourceTree = "<group>";
		};
		821EA05F1FB14CED00BD8989 /* Model */ = {
			isa = PBXGroup;
			children = (
			);
			path = Model;
			sourceTree = "<group>";
		};
		821EA0601FB14CED00BD8989 /* View */ = {
			isa = PBXGroup;
			children = (
			);
			path = View;
			sourceTree = "<group>";
		};
		821EA0611FB14CED00BD8989 /* Live */ = {
			isa = PBXGroup;
			children = (
				821EA0621FB14CED00BD8989 /* Controller */,
				821EA0631FB14CED00BD8989 /* Model */,
				821EA0641FB14CED00BD8989 /* View */,
			);
			path = Live;
			sourceTree = "<group>";
		};
		821EA0621FB14CED00BD8989 /* Controller */ = {
			isa = PBXGroup;
			children = (
				821EA0701FB1590D00BD8989 /* Live.storyboard */,
				821EA07E1FB15EBF00BD8989 /* LiveViewController.swift */,
			);
			path = Controller;
			sourceTree = "<group>";
		};
		821EA0631FB14CED00BD8989 /* Model */ = {
			isa = PBXGroup;
			children = (
			);
			path = Model;
			sourceTree = "<group>";
		};
		821EA0641FB14CED00BD8989 /* View */ = {
			isa = PBXGroup;
			children = (
			);
			path = View;
			sourceTree = "<group>";
		};
		DCE3F38A122842F3F3F1CEC8 /* Frameworks */ = {
			isa = PBXGroup;
			children = (
				99315DF565A332B0FE827294 /* Pods_DouYuZhiBo.framework */,
				B6780BFF5831C43F4D9F2C7A /* Pods_DouYuZhiBoTests.framework */,
				B05DE2A07D10338EB5A786A1 /* Pods_DouYuZhiBoUITests.framework */,
			);
			name = Frameworks;
			sourceTree = "<group>";
		};
/* End PBXGroup section */

/* Begin PBXNativeTarget section */
		821EA0191FB1476300BD8989 /* DouYuZhiBo */ = {
			isa = PBXNativeTarget;
			buildConfigurationList = 821EA0421FB1476300BD8989 /* Build configuration list for PBXNativeTarget "DouYuZhiBo" */;
			buildPhases = (
				C2986C22E2E5BC23C6ACAAD6 /* [CP] Check Pods Manifest.lock */,
				821EA0161FB1476300BD8989 /* Sources */,
				821EA0171FB1476300BD8989 /* Frameworks */,
				821EA0181FB1476300BD8989 /* Resources */,
				2FCE138079D27AB7EEFCCDF9 /* [CP] Embed Pods Frameworks */,
				B7F160BA3F5A438E37614DFF /* [CP] Copy Pods Resources */,
			);
			buildRules = (
			);
			dependencies = (
			);
			name = DouYuZhiBo;
			productName = DouYuZhiBo;
			productReference = 821EA01A1FB1476300BD8989 /* DouYuZhiBo.app */;
			productType = "com.apple.product-type.application";
		};
		821EA02D1FB1476300BD8989 /* DouYuZhiBoTests */ = {
			isa = PBXNativeTarget;
			buildConfigurationList = 821EA0451FB1476300BD8989 /* Build configuration list for PBXNativeTarget "DouYuZhiBoTests" */;
			buildPhases = (
				E21D44683AD47F30014ECC7D /* [CP] Check Pods Manifest.lock */,
				821EA02A1FB1476300BD8989 /* Sources */,
				821EA02B1FB1476300BD8989 /* Frameworks */,
				821EA02C1FB1476300BD8989 /* Resources */,
				3D328235B378F167CDF8476A /* [CP] Embed Pods Frameworks */,
				DBDFEF46032418BD31CBEDE7 /* [CP] Copy Pods Resources */,
			);
			buildRules = (
			);
			dependencies = (
				821EA0301FB1476300BD8989 /* PBXTargetDependency */,
			);
			name = DouYuZhiBoTests;
			productName = DouYuZhiBoTests;
			productReference = 821EA02E1FB1476300BD8989 /* DouYuZhiBoTests.xctest */;
			productType = "com.apple.product-type.bundle.unit-test";
		};
		821EA0381FB1476300BD8989 /* DouYuZhiBoUITests */ = {
			isa = PBXNativeTarget;
			buildConfigurationList = 821EA0481FB1476300BD8989 /* Build configuration list for PBXNativeTarget "DouYuZhiBoUITests" */;
			buildPhases = (
				F4FD2ED80EA9366552A3554E /* [CP] Check Pods Manifest.lock */,
				821EA0351FB1476300BD8989 /* Sources */,
				821EA0361FB1476300BD8989 /* Frameworks */,
				821EA0371FB1476300BD8989 /* Resources */,
				0E7A5063535C08C1701F67D4 /* [CP] Embed Pods Frameworks */,
				487AD32F40F3756449588478 /* [CP] Copy Pods Resources */,
			);
			buildRules = (
			);
			dependencies = (
				821EA03B1FB1476300BD8989 /* PBXTargetDependency */,
			);
			name = DouYuZhiBoUITests;
			productName = DouYuZhiBoUITests;
			productReference = 821EA0391FB1476300BD8989 /* DouYuZhiBoUITests.xctest */;
			productType = "com.apple.product-type.bundle.ui-testing";
		};
/* End PBXNativeTarget section */

/* Begin PBXProject section */
		821EA0121FB1476300BD8989 /* Project object */ = {
			isa = PBXProject;
			attributes = {
				LastSwiftUpdateCheck = 0900;
				LastUpgradeCheck = 0900;
				ORGANIZATIONNAME = MrChen;
				TargetAttributes = {
					821EA0191FB1476300BD8989 = {
						CreatedOnToolsVersion = 9.0;
						ProvisioningStyle = Automatic;
					};
					821EA02D1FB1476300BD8989 = {
						CreatedOnToolsVersion = 9.0;
						ProvisioningStyle = Automatic;
						TestTargetID = 821EA0191FB1476300BD8989;
					};
					821EA0381FB1476300BD8989 = {
						CreatedOnToolsVersion = 9.0;
						ProvisioningStyle = Automatic;
						TestTargetID = 821EA0191FB1476300BD8989;
					};
				};
			};
			buildConfigurationList = 821EA0151FB1476300BD8989 /* Build configuration list for PBXProject "DouYuZhiBo" */;
			compatibilityVersion = "Xcode 8.0";
			developmentRegion = en;
			hasScannedForEncodings = 0;
			knownRegions = (
				en,
				Base,
			);
			mainGroup = 821EA0111FB1476300BD8989;
			productRefGroup = 821EA01B1FB1476300BD8989 /* Products */;
			projectDirPath = "";
			projectRoot = "";
			targets = (
				821EA0191FB1476300BD8989 /* DouYuZhiBo */,
				821EA02D1FB1476300BD8989 /* DouYuZhiBoTests */,
				821EA0381FB1476300BD8989 /* DouYuZhiBoUITests */,
			);
		};
/* End PBXProject section */

/* Begin PBXResourcesBuildPhase section */
		821EA0181FB1476300BD8989 /* Resources */ = {
			isa = PBXResourcesBuildPhase;
			buildActionMask = 2147483647;
			files = (
				821EA0751FB1599200BD8989 /* Home.storyboard in Resources */,
				821EA0731FB1593B00BD8989 /* Profile.storyboard in Resources */,
				821EA0671FB152F800BD8989 /* Images.xcassets in Resources */,
				821EA0251FB1476300BD8989 /* Assets.xcassets in Resources */,
				821EA0231FB1476300BD8989 /* Main.storyboard in Resources */,
				821EA0711FB1590D00BD8989 /* Live.storyboard in Resources */,
				821EA06F1FB158DF00BD8989 /* Follow.storyboard in Resources */,
			);
			runOnlyForDeploymentPostprocessing = 0;
		};
		821EA02C1FB1476300BD8989 /* Resources */ = {
			isa = PBXResourcesBuildPhase;
			buildActionMask = 2147483647;
			files = (
			);
			runOnlyForDeploymentPostprocessing = 0;
		};
		821EA0371FB1476300BD8989 /* Resources */ = {
			isa = PBXResourcesBuildPhase;
			buildActionMask = 2147483647;
			files = (
			);
			runOnlyForDeploymentPostprocessing = 0;
		};
/* End PBXResourcesBuildPhase section */

/* Begin PBXShellScriptBuildPhase section */
		0E7A5063535C08C1701F67D4 /* [CP] Embed Pods Frameworks */ = {
			isa = PBXShellScriptBuildPhase;
			buildActionMask = 2147483647;
			files = (
			);
			inputPaths = (
			);
			name = "[CP] Embed Pods Frameworks";
			outputPaths = (
			);
			runOnlyForDeploymentPostprocessing = 0;
			shellPath = /bin/sh;
			shellScript = "\"${SRCROOT}/Pods/Target Support Files/Pods-DouYuZhiBoUITests/Pods-DouYuZhiBoUITests-frameworks.sh\"\n";
			showEnvVarsInLog = 0;
		};
		2FCE138079D27AB7EEFCCDF9 /* [CP] Embed Pods Frameworks */ = {
			isa = PBXShellScriptBuildPhase;
			buildActionMask = 2147483647;
			files = (
			);
			inputPaths = (
				"${SRCROOT}/Pods/Target Support Files/Pods-DouYuZhiBo/Pods-DouYuZhiBo-frameworks.sh",
				"${BUILT_PRODUCTS_DIR}/SnapKit/SnapKit.framework",
			);
			name = "[CP] Embed Pods Frameworks";
			outputPaths = (
				"${TARGET_BUILD_DIR}/${FRAMEWORKS_FOLDER_PATH}/SnapKit.framework",
			);
			runOnlyForDeploymentPostprocessing = 0;
			shellPath = /bin/sh;
			shellScript = "\"${SRCROOT}/Pods/Target Support Files/Pods-DouYuZhiBo/Pods-DouYuZhiBo-frameworks.sh\"\n";
			showEnvVarsInLog = 0;
		};
		3D328235B378F167CDF8476A /* [CP] Embed Pods Frameworks */ = {
			isa = PBXShellScriptBuildPhase;
			buildActionMask = 2147483647;
			files = (
			);
			inputPaths = (
			);
			name = "[CP] Embed Pods Frameworks";
			outputPaths = (
			);
			runOnlyForDeploymentPostprocessing = 0;
			shellPath = /bin/sh;
			shellScript = "\"${SRCROOT}/Pods/Target Support Files/Pods-DouYuZhiBoTests/Pods-DouYuZhiBoTests-frameworks.sh\"\n";
			showEnvVarsInLog = 0;
		};
		487AD32F40F3756449588478 /* [CP] Copy Pods Resources */ = {
			isa = PBXShellScriptBuildPhase;
			buildActionMask = 2147483647;
			files = (
			);
			inputPaths = (
			);
			name = "[CP] Copy Pods Resources";
			outputPaths = (
			);
			runOnlyForDeploymentPostprocessing = 0;
			shellPath = /bin/sh;
			shellScript = "\"${SRCROOT}/Pods/Target Support Files/Pods-DouYuZhiBoUITests/Pods-DouYuZhiBoUITests-resources.sh\"\n";
			showEnvVarsInLog = 0;
		};
		B7F160BA3F5A438E37614DFF /* [CP] Copy Pods Resources */ = {
			isa = PBXShellScriptBuildPhase;
			buildActionMask = 2147483647;
			files = (
			);
			inputPaths = (
			);
			name = "[CP] Copy Pods Resources";
			outputPaths = (
			);
			runOnlyForDeploymentPostprocessing = 0;
			shellPath = /bin/sh;
			shellScript = "\"${SRCROOT}/Pods/Target Support Files/Pods-DouYuZhiBo/Pods-DouYuZhiBo-resources.sh\"\n";
			showEnvVarsInLog = 0;
		};
		C2986C22E2E5BC23C6ACAAD6 /* [CP] Check Pods Manifest.lock */ = {
			isa = PBXShellScriptBuildPhase;
			buildActionMask = 2147483647;
			files = (
			);
			inputPaths = (
				"${PODS_PODFILE_DIR_PATH}/Podfile.lock",
				"${PODS_ROOT}/Manifest.lock",
			);
			name = "[CP] Check Pods Manifest.lock";
			outputPaths = (
				"$(DERIVED_FILE_DIR)/Pods-DouYuZhiBo-checkManifestLockResult.txt",
			);
			runOnlyForDeploymentPostprocessing = 0;
			shellPath = /bin/sh;
			shellScript = "diff \"${PODS_PODFILE_DIR_PATH}/Podfile.lock\" \"${PODS_ROOT}/Manifest.lock\" > /dev/null\nif [ $? != 0 ] ; then\n    # print error to STDERR\n    echo \"error: The sandbox is not in sync with the Podfile.lock. Run 'pod install' or update your CocoaPods installation.\" >&2\n    exit 1\nfi\n# This output is used by Xcode 'outputs' to avoid re-running this script phase.\necho \"SUCCESS\" > \"${SCRIPT_OUTPUT_FILE_0}\"\n";
			showEnvVarsInLog = 0;
		};
		DBDFEF46032418BD31CBEDE7 /* [CP] Copy Pods Resources */ = {
			isa = PBXShellScriptBuildPhase;
			buildActionMask = 2147483647;
			files = (
			);
			inputPaths = (
			);
			name = "[CP] Copy Pods Resources";
			outputPaths = (
			);
			runOnlyForDeploymentPostprocessing = 0;
			shellPath = /bin/sh;
			shellScript = "\"${SRCROOT}/Pods/Target Support Files/Pods-DouYuZhiBoTests/Pods-DouYuZhiBoTests-resources.sh\"\n";
			showEnvVarsInLog = 0;
		};
		E21D44683AD47F30014ECC7D /* [CP] Check Pods Manifest.lock */ = {
			isa = PBXShellScriptBuildPhase;
			buildActionMask = 2147483647;
			files = (
			);
			inputPaths = (
				"${PODS_PODFILE_DIR_PATH}/Podfile.lock",
				"${PODS_ROOT}/Manifest.lock",
			);
			name = "[CP] Check Pods Manifest.lock";
			outputPaths = (
				"$(DERIVED_FILE_DIR)/Pods-DouYuZhiBoTests-checkManifestLockResult.txt",
			);
			runOnlyForDeploymentPostprocessing = 0;
			shellPath = /bin/sh;
			shellScript = "diff \"${PODS_PODFILE_DIR_PATH}/Podfile.lock\" \"${PODS_ROOT}/Manifest.lock\" > /dev/null\nif [ $? != 0 ] ; then\n    # print error to STDERR\n    echo \"error: The sandbox is not in sync with the Podfile.lock. Run 'pod install' or update your CocoaPods installation.\" >&2\n    exit 1\nfi\n# This output is used by Xcode 'outputs' to avoid re-running this script phase.\necho \"SUCCESS\" > \"${SCRIPT_OUTPUT_FILE_0}\"\n";
			showEnvVarsInLog = 0;
		};
		F4FD2ED80EA9366552A3554E /* [CP] Check Pods Manifest.lock */ = {
			isa = PBXShellScriptBuildPhase;
			buildActionMask = 2147483647;
			files = (
			);
			inputPaths = (
				"${PODS_PODFILE_DIR_PATH}/Podfile.lock",
				"${PODS_ROOT}/Manifest.lock",
			);
			name = "[CP] Check Pods Manifest.lock";
			outputPaths = (
				"$(DERIVED_FILE_DIR)/Pods-DouYuZhiBoUITests-checkManifestLockResult.txt",
			);
			runOnlyForDeploymentPostprocessing = 0;
			shellPath = /bin/sh;
			shellScript = "diff \"${PODS_PODFILE_DIR_PATH}/Podfile.lock\" \"${PODS_ROOT}/Manifest.lock\" > /dev/null\nif [ $? != 0 ] ; then\n    # print error to STDERR\n    echo \"error: The sandbox is not in sync with the Podfile.lock. Run 'pod install' or update your CocoaPods installation.\" >&2\n    exit 1\nfi\n# This output is used by Xcode 'outputs' to avoid re-running this script phase.\necho \"SUCCESS\" > \"${SCRIPT_OUTPUT_FILE_0}\"\n";
			showEnvVarsInLog = 0;
		};
/* End PBXShellScriptBuildPhase section */

/* Begin PBXSourcesBuildPhase section */
		821EA0161FB1476300BD8989 /* Sources */ = {
			isa = PBXSourcesBuildPhase;
			buildActionMask = 2147483647;
			files = (
				821EA07B1FB15E9C00BD8989 /* HomeViewController.swift in Sources */,
				821EA0771FB15BEA00BD8989 /* MainTabBarViewController.swift in Sources */,
				821EA07F1FB15EBF00BD8989 /* LiveViewController.swift in Sources */,
				821EA0651FB14CED00BD8989 /* ViewController.swift in Sources */,
				821EA07D1FB15EB000BD8989 /* FollowViewController.swift in Sources */,
				821EA01E1FB1476300BD8989 /* AppDelegate.swift in Sources */,
				821EA0811FB15ECD00BD8989 /* ProfileViewController.swift in Sources */,
				821EA0791FB15E7E00BD8989 /* MainViewController.swift in Sources */,
			);
			runOnlyForDeploymentPostprocessing = 0;
		};
		821EA02A1FB1476300BD8989 /* Sources */ = {
			isa = PBXSourcesBuildPhase;
			buildActionMask = 2147483647;
			files = (
				821EA0331FB1476300BD8989 /* DouYuZhiBoTests.swift in Sources */,
			);
			runOnlyForDeploymentPostprocessing = 0;
		};
		821EA0351FB1476300BD8989 /* Sources */ = {
			isa = PBXSourcesBuildPhase;
			buildActionMask = 2147483647;
			files = (
				821EA03E1FB1476300BD8989 /* DouYuZhiBoUITests.swift in Sources */,
			);
			runOnlyForDeploymentPostprocessing = 0;
		};
/* End PBXSourcesBuildPhase section */

/* Begin PBXTargetDependency section */
		821EA0301FB1476300BD8989 /* PBXTargetDependency */ = {
			isa = PBXTargetDependency;
			target = 821EA0191FB1476300BD8989 /* DouYuZhiBo */;
			targetProxy = 821EA02F1FB1476300BD8989 /* PBXContainerItemProxy */;
		};
		821EA03B1FB1476300BD8989 /* PBXTargetDependency */ = {
			isa = PBXTargetDependency;
			target = 821EA0191FB1476300BD8989 /* DouYuZhiBo */;
			targetProxy = 821EA03A1FB1476300BD8989 /* PBXContainerItemProxy */;
		};
/* End PBXTargetDependency section */

/* Begin PBXVariantGroup section */
		821EA0211FB1476300BD8989 /* Main.storyboard */ = {
			isa = PBXVariantGroup;
			children = (
				821EA0221FB1476300BD8989 /* Base */,
			);
			name = Main.storyboard;
			sourceTree = "<group>";
		};
/* End PBXVariantGroup section */

/* Begin XCBuildConfiguration section */
		821EA0401FB1476300BD8989 /* Debug */ = {
			isa = XCBuildConfiguration;
			buildSettings = {
				ALWAYS_SEARCH_USER_PATHS = NO;
				CLANG_ANALYZER_NONNULL = YES;
				CLANG_ANALYZER_NUMBER_OBJECT_CONVERSION = YES_AGGRESSIVE;
				CLANG_CXX_LANGUAGE_STANDARD = "gnu++14";
				CLANG_CXX_LIBRARY = "libc++";
				CLANG_ENABLE_MODULES = YES;
				CLANG_ENABLE_OBJC_ARC = YES;
				CLANG_WARN_BLOCK_CAPTURE_AUTORELEASING = YES;
				CLANG_WARN_BOOL_CONVERSION = YES;
				CLANG_WARN_COMMA = YES;
				CLANG_WARN_CONSTANT_CONVERSION = YES;
				CLANG_WARN_DIRECT_OBJC_ISA_USAGE = YES_ERROR;
				CLANG_WARN_DOCUMENTATION_COMMENTS = YES;
				CLANG_WARN_EMPTY_BODY = YES;
				CLANG_WARN_ENUM_CONVERSION = YES;
				CLANG_WARN_INFINITE_RECURSION = YES;
				CLANG_WARN_INT_CONVERSION = YES;
				CLANG_WARN_NON_LITERAL_NULL_CONVERSION = YES;
				CLANG_WARN_OBJC_LITERAL_CONVERSION = YES;
				CLANG_WARN_OBJC_ROOT_CLASS = YES_ERROR;
				CLANG_WARN_RANGE_LOOP_ANALYSIS = YES;
				CLANG_WARN_STRICT_PROTOTYPES = YES;
				CLANG_WARN_SUSPICIOUS_MOVE = YES;
				CLANG_WARN_UNGUARDED_AVAILABILITY = YES_AGGRESSIVE;
				CLANG_WARN_UNREACHABLE_CODE = YES;
				CLANG_WARN__DUPLICATE_METHOD_MATCH = YES;
				CODE_SIGN_IDENTITY = "iPhone Developer";
				COPY_PHASE_STRIP = NO;
				DEBUG_INFORMATION_FORMAT = dwarf;
				ENABLE_STRICT_OBJC_MSGSEND = YES;
				ENABLE_TESTABILITY = YES;
				GCC_C_LANGUAGE_STANDARD = gnu11;
				GCC_DYNAMIC_NO_PIC = NO;
				GCC_NO_COMMON_BLOCKS = YES;
				GCC_OPTIMIZATION_LEVEL = 0;
				GCC_PREPROCESSOR_DEFINITIONS = (
					"DEBUG=1",
					"$(inherited)",
				);
				GCC_WARN_64_TO_32_BIT_CONVERSION = YES;
				GCC_WARN_ABOUT_RETURN_TYPE = YES_ERROR;
				GCC_WARN_UNDECLARED_SELECTOR = YES;
				GCC_WARN_UNINITIALIZED_AUTOS = YES_AGGRESSIVE;
				GCC_WARN_UNUSED_FUNCTION = YES;
				GCC_WARN_UNUSED_VARIABLE = YES;
				IPHONEOS_DEPLOYMENT_TARGET = 11.0;
				MTL_ENABLE_DEBUG_INFO = YES;
				ONLY_ACTIVE_ARCH = YES;
				SDKROOT = iphoneos;
				SWIFT_ACTIVE_COMPILATION_CONDITIONS = DEBUG;
				SWIFT_OPTIMIZATION_LEVEL = "-Onone";
			};
			name = Debug;
		};
		821EA0411FB1476300BD8989 /* Release */ = {
			isa = XCBuildConfiguration;
			buildSettings = {
				ALWAYS_SEARCH_USER_PATHS = NO;
				CLANG_ANALYZER_NONNULL = YES;
				CLANG_ANALYZER_NUMBER_OBJECT_CONVERSION = YES_AGGRESSIVE;
				CLANG_CXX_LANGUAGE_STANDARD = "gnu++14";
				CLANG_CXX_LIBRARY = "libc++";
				CLANG_ENABLE_MODULES = YES;
				CLANG_ENABLE_OBJC_ARC = YES;
				CLANG_WARN_BLOCK_CAPTURE_AUTORELEASING = YES;
				CLANG_WARN_BOOL_CONVERSION = YES;
				CLANG_WARN_COMMA = YES;
				CLANG_WARN_CONSTANT_CONVERSION = YES;
				CLANG_WARN_DIRECT_OBJC_ISA_USAGE = YES_ERROR;
				CLANG_WARN_DOCUMENTATION_COMMENTS = YES;
				CLANG_WARN_EMPTY_BODY = YES;
				CLANG_WARN_ENUM_CONVERSION = YES;
				CLANG_WARN_INFINITE_RECURSION = YES;
				CLANG_WARN_INT_CONVERSION = YES;
				CLANG_WARN_NON_LITERAL_NULL_CONVERSION = YES;
				CLANG_WARN_OBJC_LITERAL_CONVERSION = YES;
				CLANG_WARN_OBJC_ROOT_CLASS = YES_ERROR;
				CLANG_WARN_RANGE_LOOP_ANALYSIS = YES;
				CLANG_WARN_STRICT_PROTOTYPES = YES;
				CLANG_WARN_SUSPICIOUS_MOVE = YES;
				CLANG_WARN_UNGUARDED_AVAILABILITY = YES_AGGRESSIVE;
				CLANG_WARN_UNREACHABLE_CODE = YES;
				CLANG_WARN__DUPLICATE_METHOD_MATCH = YES;
				CODE_SIGN_IDENTITY = "iPhone Developer";
				COPY_PHASE_STRIP = NO;
				DEBUG_INFORMATION_FORMAT = "dwarf-with-dsym";
				ENABLE_NS_ASSERTIONS = NO;
				ENABLE_STRICT_OBJC_MSGSEND = YES;
				GCC_C_LANGUAGE_STANDARD = gnu11;
				GCC_NO_COMMON_BLOCKS = YES;
				GCC_WARN_64_TO_32_BIT_CONVERSION = YES;
				GCC_WARN_ABOUT_RETURN_TYPE = YES_ERROR;
				GCC_WARN_UNDECLARED_SELECTOR = YES;
				GCC_WARN_UNINITIALIZED_AUTOS = YES_AGGRESSIVE;
				GCC_WARN_UNUSED_FUNCTION = YES;
				GCC_WARN_UNUSED_VARIABLE = YES;
				IPHONEOS_DEPLOYMENT_TARGET = 11.0;
				MTL_ENABLE_DEBUG_INFO = NO;
				SDKROOT = iphoneos;
				SWIFT_OPTIMIZATION_LEVEL = "-Owholemodule";
				VALIDATE_PRODUCT = YES;
			};
			name = Release;
		};
		821EA0431FB1476300BD8989 /* Debug */ = {
			isa = XCBuildConfiguration;
			baseConfigurationReference = DC4BB96D8849B5EDB1AC28C6 /* Pods-DouYuZhiBo.debug.xcconfig */;
			buildSettings = {
				ASSETCATALOG_COMPILER_APPICON_NAME = AppIcon;
				ASSETCATALOG_COMPILER_LAUNCHIMAGE_NAME = LaunchImage;
				CODE_SIGN_STYLE = Automatic;
				DEVELOPMENT_TEAM = XGQBSGSG69;
				INFOPLIST_FILE = DouYuZhiBo/Info.plist;
				IPHONEOS_DEPLOYMENT_TARGET = 8.0;
				LD_RUNPATH_SEARCH_PATHS = "$(inherited) @executable_path/Frameworks";
				PRODUCT_BUNDLE_IDENTIFIER = jieyongChen.gitHub.com.DouYuZhiBo;
				PRODUCT_NAME = "$(TARGET_NAME)";
				SWIFT_VERSION = 4.0;
				TARGETED_DEVICE_FAMILY = 1;
			};
			name = Debug;
		};
		821EA0441FB1476300BD8989 /* Release */ = {
			isa = XCBuildConfiguration;
			baseConfigurationReference = FA5998F308D91B3569672F2A /* Pods-DouYuZhiBo.release.xcconfig */;
			buildSettings = {
				ASSETCATALOG_COMPILER_APPICON_NAME = AppIcon;
				ASSETCATALOG_COMPILER_LAUNCHIMAGE_NAME = LaunchImage;
				CODE_SIGN_STYLE = Automatic;
				DEVELOPMENT_TEAM = XGQBSGSG69;
				INFOPLIST_FILE = DouYuZhiBo/Info.plist;
				IPHONEOS_DEPLOYMENT_TARGET = 8.0;
				LD_RUNPATH_SEARCH_PATHS = "$(inherited) @executable_path/Frameworks";
				PRODUCT_BUNDLE_IDENTIFIER = jieyongChen.gitHub.com.DouYuZhiBo;
				PRODUCT_NAME = "$(TARGET_NAME)";
				SWIFT_VERSION = 4.0;
				TARGETED_DEVICE_FAMILY = 1;
			};
			name = Release;
		};
		821EA0461FB1476300BD8989 /* Debug */ = {
			isa = XCBuildConfiguration;
			baseConfigurationReference = B25B28717BD875EF130E16C2 /* Pods-DouYuZhiBoTests.debug.xcconfig */;
			buildSettings = {
				ALWAYS_EMBED_SWIFT_STANDARD_LIBRARIES = YES;
				BUNDLE_LOADER = "$(TEST_HOST)";
				CODE_SIGN_STYLE = Automatic;
				DEVELOPMENT_TEAM = XGQBSGSG69;
				INFOPLIST_FILE = DouYuZhiBoTests/Info.plist;
				LD_RUNPATH_SEARCH_PATHS = "$(inherited) @executable_path/Frameworks @loader_path/Frameworks";
				PRODUCT_BUNDLE_IDENTIFIER = jieyongChen.gitHub.com.DouYuZhiBoTests;
				PRODUCT_NAME = "$(TARGET_NAME)";
				SWIFT_VERSION = 4.0;
				TARGETED_DEVICE_FAMILY = "1,2";
				TEST_HOST = "$(BUILT_PRODUCTS_DIR)/DouYuZhiBo.app/DouYuZhiBo";
			};
			name = Debug;
		};
		821EA0471FB1476300BD8989 /* Release */ = {
			isa = XCBuildConfiguration;
			baseConfigurationReference = 4C9437BF6F7E3D2B730DFBED /* Pods-DouYuZhiBoTests.release.xcconfig */;
			buildSettings = {
				ALWAYS_EMBED_SWIFT_STANDARD_LIBRARIES = YES;
				BUNDLE_LOADER = "$(TEST_HOST)";
				CODE_SIGN_STYLE = Automatic;
				DEVELOPMENT_TEAM = XGQBSGSG69;
				INFOPLIST_FILE = DouYuZhiBoTests/Info.plist;
				LD_RUNPATH_SEARCH_PATHS = "$(inherited) @executable_path/Frameworks @loader_path/Frameworks";
				PRODUCT_BUNDLE_IDENTIFIER = jieyongChen.gitHub.com.DouYuZhiBoTests;
				PRODUCT_NAME = "$(TARGET_NAME)";
				SWIFT_VERSION = 4.0;
				TARGETED_DEVICE_FAMILY = "1,2";
				TEST_HOST = "$(BUILT_PRODUCTS_DIR)/DouYuZhiBo.app/DouYuZhiBo";
			};
			name = Release;
		};
		821EA0491FB1476300BD8989 /* Debug */ = {
			isa = XCBuildConfiguration;
			baseConfigurationReference = D9759E1E70E2B280E4F5DA89 /* Pods-DouYuZhiBoUITests.debug.xcconfig */;
			buildSettings = {
				ALWAYS_EMBED_SWIFT_STANDARD_LIBRARIES = YES;
				CODE_SIGN_STYLE = Automatic;
				DEVELOPMENT_TEAM = XGQBSGSG69;
				INFOPLIST_FILE = DouYuZhiBoUITests/Info.plist;
				LD_RUNPATH_SEARCH_PATHS = "$(inherited) @executable_path/Frameworks @loader_path/Frameworks";
				PRODUCT_BUNDLE_IDENTIFIER = jieyongChen.gitHub.com.DouYuZhiBoUITests;
				PRODUCT_NAME = "$(TARGET_NAME)";
				SWIFT_VERSION = 4.0;
				TARGETED_DEVICE_FAMILY = "1,2";
				TEST_TARGET_NAME = DouYuZhiBo;
			};
			name = Debug;
		};
		821EA04A1FB1476300BD8989 /* Release */ = {
			isa = XCBuildConfiguration;
			baseConfigurationReference = 246486D799DA91178AED041C /* Pods-DouYuZhiBoUITests.release.xcconfig */;
			buildSettings = {
				ALWAYS_EMBED_SWIFT_STANDARD_LIBRARIES = YES;
				CODE_SIGN_STYLE = Automatic;
				DEVELOPMENT_TEAM = XGQBSGSG69;
				INFOPLIST_FILE = DouYuZhiBoUITests/Info.plist;
				LD_RUNPATH_SEARCH_PATHS = "$(inherited) @executable_path/Frameworks @loader_path/Frameworks";
				PRODUCT_BUNDLE_IDENTIFIER = jieyongChen.gitHub.com.DouYuZhiBoUITests;
				PRODUCT_NAME = "$(TARGET_NAME)";
				SWIFT_VERSION = 4.0;
				TARGETED_DEVICE_FAMILY = "1,2";
				TEST_TARGET_NAME = DouYuZhiBo;
			};
			name = Release;
		};
/* End XCBuildConfiguration section */

/* Begin XCConfigurationList section */
		821EA0151FB1476300BD8989 /* Build configuration list for PBXProject "DouYuZhiBo" */ = {
			isa = XCConfigurationList;
			buildConfigurations = (
				821EA0401FB1476300BD8989 /* Debug */,
				821EA0411FB1476300BD8989 /* Release */,
			);
			defaultConfigurationIsVisible = 0;
			defaultConfigurationName = Release;
		};
		821EA0421FB1476300BD8989 /* Build configuration list for PBXNativeTarget "DouYuZhiBo" */ = {
			isa = XCConfigurationList;
			buildConfigurations = (
				821EA0431FB1476300BD8989 /* Debug */,
				821EA0441FB1476300BD8989 /* Release */,
			);
			defaultConfigurationIsVisible = 0;
			defaultConfigurationName = Release;
		};
		821EA0451FB1476300BD8989 /* Build configuration list for PBXNativeTarget "DouYuZhiBoTests" */ = {
			isa = XCConfigurationList;
			buildConfigurations = (
				821EA0461FB1476300BD8989 /* Debug */,
				821EA0471FB1476300BD8989 /* Release */,
			);
			defaultConfigurationIsVisible = 0;
			defaultConfigurationName = Release;
		};
		821EA0481FB1476300BD8989 /* Build configuration list for PBXNativeTarget "DouYuZhiBoUITests" */ = {
			isa = XCConfigurationList;
			buildConfigurations = (
				821EA0491FB1476300BD8989 /* Debug */,
				821EA04A1FB1476300BD8989 /* Release */,
			);
			defaultConfigurationIsVisible = 0;
			defaultConfigurationName = Release;
		};
/* End XCConfigurationList section */
	};
	rootObject = 821EA0121FB1476300BD8989 /* Project object */;
}
