// !$*UTF8*$!
{
	archiveVersion = 1;
	classes = {
	};
	objectVersion = 48;
	objects = {

/* Begin PBXBuildFile section */
		821EA01E1FB1476300BD8989 /* AppDelegate.swift in Sources */ = {isa = PBXBuildFile; fileRef = 821EA01D1FB1476300BD8989 /* AppDelegate.swift */; };
		821EA0201FB1476300BD8989 /* ViewController.swift in Sources */ = {isa = PBXBuildFile; fileRef = 821EA01F1FB1476300BD8989 /* ViewController.swift */; };
		821EA0231FB1476300BD8989 /* Main.storyboard in Resources */ = {isa = PBXBuildFile; fileRef = 821EA0211FB1476300BD8989 /* Main.storyboard */; };
		821EA0251FB1476300BD8989 /* Assets.xcassets in Resources */ = {isa = PBXBuildFile; fileRef = 821EA0241FB1476300BD8989 /* Assets.xcassets */; };
		821EA0281FB1476300BD8989 /* LaunchScreen.storyboard in Resources */ = {isa = PBXBuildFile; fileRef = 821EA0261FB1476300BD8989 /* LaunchScreen.storyboard */; };
		821EA0331FB1476300BD8989 /* DouYuZhiBoTests.swift in Sources */ = {isa = PBXBuildFile; fileRef = 821EA0321FB1476300BD8989 /* DouYuZhiBoTests.swift */; };
		821EA03E1FB1476300BD8989 /* DouYuZhiBoUITests.swift in Sources */ = {isa = PBXBuildFile; fileRef = 821EA03D1FB1476300BD8989 /* DouYuZhiBoUITests.swift */; };
/* End PBXBuildFile section */

/* Begin PBXContainerItemProxy section */
		821EA02F1FB1476300BD8989 /* PBXContainerItemProxy */ = {
			isa = PBXContainerItemProxy;
			containerPortal = 821EA0121FB1476300BD8989 /* Project object */;
			proxyType = 1;
			remoteGlobalIDString = 821EA0191FB1476300BD8989;
			remoteInfo = DouYuZhiBo;
		};
		821EA03A1FB1476300BD8989 /* PBXContainerItemProxy */ = {
			isa = PBXContainerItemProxy;
			containerPortal = 821EA0121FB1476300BD8989 /* Project object */;
			proxyType = 1;
			remoteGlobalIDString = 821EA0191FB1476300BD8989;
			remoteInfo = DouYuZhiBo;
		};
/* End PBXContainerItemProxy section */

/* Begin PBXFileReference section */
		821EA01A1FB1476300BD8989 /* DouYuZhiBo.app */ = {isa = PBXFileReference; explicitFileType = wrapper.application; includeInIndex = 0; path = DouYuZhiBo.app; sourceTree = BUILT_PRODUCTS_DIR; };
		821EA01D1FB1476300BD8989 /* AppDelegate.swift */ = {isa = PBXFileReference; lastKnownFileType = sourcecode.swift; path = AppDelegate.swift; sourceTree = "<group>"; };
		821EA01F1FB1476300BD8989 /* ViewController.swift */ = {isa = PBXFileReference; lastKnownFileType = sourcecode.swift; path = ViewController.swift; sourceTree = "<group>"; };
		821EA0221FB1476300BD8989 /* Base */ = {isa = PBXFileReference; lastKnownFileType = file.storyboard; name = Base; path = Base.lproj/Main.storyboard; sourceTree = "<group>"; };
		821EA0241FB1476300BD8989 /* Assets.xcassets */ = {isa = PBXFileReference; lastKnownFileType = folder.assetcatalog; path = Assets.xcassets; sourceTree = "<group>"; };
		821EA0271FB1476300BD8989 /* Base */ = {isa = PBXFileReference; lastKnownFileType = file.storyboard; name = Base; path = Base.lproj/LaunchScreen.storyboard; sourceTree = "<group>"; };
		821EA0291FB1476300BD8989 /* Info.plist */ = {isa = PBXFileReference; lastKnownFileType = text.plist.xml; path = Info.plist; sourceTree = "<group>"; };
		821EA02E1FB1476300BD8989 /* DouYuZhiBoTests.xctest */ = {isa = PBXFileReference; explicitFileType = wrapper.cfbundle; includeInIndex = 0; path = DouYuZhiBoTests.xctest; sourceTree = BUILT_PRODUCTS_DIR; };
		821EA0321FB1476300BD8989 /* DouYuZhiBoTests.swift */ = {isa = PBXFileReference; lastKnownFileType = sourcecode.swift; path = DouYuZhiBoTests.swift; sourceTree = "<group>"; };
		821EA0341FB1476300BD8989 /* Info.plist */ = {isa = PBXFileReference; lastKnownFileType = text.plist.xml; path = Info.plist; sourceTree = "<group>"; };
		821EA0391FB1476300BD8989 /* DouYuZhiBoUITests.xctest */ = {isa = PBXFileReference; explicitFileType = wrapper.cfbundle; includeInIndex = 0; path = DouYuZhiBoUITests.xctest; sourceTree = BUILT_PRODUCTS_DIR; };
		821EA03D1FB1476300BD8989 /* DouYuZhiBoUITests.swift */ = {isa = PBXFileReference; lastKnownFileType = sourcecode.swift; path = DouYuZhiBoUITests.swift; sourceTree = "<group>"; };
		821EA03F1FB1476300BD8989 /* Info.plist */ = {isa = PBXFileReference; lastKnownFileType = text.plist.xml; path = Info.plist; sourceTree = "<group>"; };
/* End PBXFileReference section */

/* Begin PBXFrameworksBuildPhase section */
		821EA0171FB1476300BD8989 /* Frameworks */ = {
			isa = PBXFrameworksBuildPhase;
			buildActionMask = 2147483647;
			files = (
			);
			runOnlyForDeploymentPostprocessing = 0;
		};
		821EA02B1FB1476300BD8989 /* Frameworks */ = {
			isa = PBXFrameworksBuildPhase;
			buildActionMask = 2147483647;
			files = (
			);
			runOnlyForDeploymentPostprocessing = 0;
		};
		821EA0361FB1476300BD8989 /* Frameworks */ = {
			isa = PBXFrameworksBuildPhase;
			buildActionMask = 2147483647;
			files = (
			);
			runOnlyForDeploymentPostprocessing = 0;
		};
/* End PBXFrameworksBuildPhase section */

/* Begin PBXGroup section */
		821EA0111FB1476300BD8989 = {
			isa = PBXGroup;
			children = (
				821EA01C1FB1476300BD8989 /* DouYuZhiBo */,
				821EA0311FB1476300BD8989 /* DouYuZhiBoTests */,
				821EA03C1FB1476300BD8989 /* DouYuZhiBoUITests */,
				821EA01B1FB1476300BD8989 /* Products */,
			);
			sourceTree = "<group>";
		};
		821EA01B1FB1476300BD8989 /* Products */ = {
			isa = PBXGroup;
			children = (
				821EA01A1FB1476300BD8989 /* DouYuZhiBo.app */,
				821EA02E1FB1476300BD8989 /* DouYuZhiBoTests.xctest */,
				821EA0391FB1476300BD8989 /* DouYuZhiBoUITests.xctest */,
			);
			name = Products;
			sourceTree = "<group>";
		};
		821EA01C1FB1476300BD8989 /* DouYuZhiBo */ = {
			isa = PBXGroup;
			children = (
				821EA01D1FB1476300BD8989 /* AppDelegate.swift */,
				821EA01F1FB1476300BD8989 /* ViewController.swift */,
				821EA0211FB1476300BD8989 /* Main.storyboard */,
				821EA0241FB1476300BD8989 /* Assets.xcassets */,
				821EA0261FB1476300BD8989 /* LaunchScreen.storyboard */,
				821EA0291FB1476300BD8989 /* Info.plist */,
			);
			path = DouYuZhiBo;
			sourceTree = "<group>";
		};
		821EA0311FB1476300BD8989 /* DouYuZhiBoTests */ = {
			isa = PBXGroup;
			children = (
				821EA0321FB1476300BD8989 /* DouYuZhiBoTests.swift */,
				821EA0341FB1476300BD8989 /* Info.plist */,
			);
			path = DouYuZhiBoTests;
			sourceTree = "<group>";
		};
		821EA03C1FB1476300BD8989 /* DouYuZhiBoUITests */ = {
			isa = PBXGroup;
			children = (
				821EA03D1FB1476300BD8989 /* DouYuZhiBoUITests.swift */,
				821EA03F1FB1476300BD8989 /* Info.plist */,
			);
			path = DouYuZhiBoUITests;
			sourceTree = "<group>";
		};
/* End PBXGroup section */

/* Begin PBXNativeTarget section */
		821EA0191FB1476300BD8989 /* DouYuZhiBo */ = {
			isa = PBXNativeTarget;
			buildConfigurationList = 821EA0421FB1476300BD8989 /* Build configuration list for PBXNativeTarget "DouYuZhiBo" */;
			buildPhases = (
				821EA0161FB1476300BD8989 /* Sources */,
				821EA0171FB1476300BD8989 /* Frameworks */,
				821EA0181FB1476300BD8989 /* Resources */,
			);
			buildRules = (
			);
			dependencies = (
			);
			name = DouYuZhiBo;
			productName = DouYuZhiBo;
			productReference = 821EA01A1FB1476300BD8989 /* DouYuZhiBo.app */;
			productType = "com.apple.product-type.application";
		};
		821EA02D1FB1476300BD8989 /* DouYuZhiBoTests */ = {
			isa = PBXNativeTarget;
			buildConfigurationList = 821EA0451FB1476300BD8989 /* Build configuration list for PBXNativeTarget "DouYuZhiBoTests" */;
			buildPhases = (
				821EA02A1FB1476300BD8989 /* Sources */,
				821EA02B1FB1476300BD8989 /* Frameworks */,
				821EA02C1FB1476300BD8989 /* Resources */,
			);
			buildRules = (
			);
			dependencies = (
				821EA0301FB1476300BD8989 /* PBXTargetDependency */,
			);
			name = DouYuZhiBoTests;
			productName = DouYuZhiBoTests;
			productReference = 821EA02E1FB1476300BD8989 /* DouYuZhiBoTests.xctest */;
			productType = "com.apple.product-type.bundle.unit-test";
		};
		821EA0381FB1476300BD8989 /* DouYuZhiBoUITests */ = {
			isa = PBXNativeTarget;
			buildConfigurationList = 821EA0481FB1476300BD8989 /* Build configuration list for PBXNativeTarget "DouYuZhiBoUITests" */;
			buildPhases = (
				821EA0351FB1476300BD8989 /* Sources */,
				821EA0361FB1476300BD8989 /* Frameworks */,
				821EA0371FB1476300BD8989 /* Resources */,
			);
			buildRules = (
			);
			dependencies = (
				821EA03B1FB1476300BD8989 /* PBXTargetDependency */,
			);
			name = DouYuZhiBoUITests;
			productName = DouYuZhiBoUITests;
			productReference = 821EA0391FB1476300BD8989 /* DouYuZhiBoUITests.xctest */;
			productType = "com.apple.product-type.bundle.ui-testing";
		};
/* End PBXNativeTarget section */

/* Begin PBXProject section */
		821EA0121FB1476300BD8989 /* Project object */ = {
			isa = PBXProject;
			attributes = {
				LastSwiftUpdateCheck = 0900;
				LastUpgradeCheck = 0900;
				ORGANIZATIONNAME = MrChen;
				TargetAttributes = {
					821EA0191FB1476300BD8989 = {
						CreatedOnToolsVersion = 9.0;
						ProvisioningStyle = Automatic;
					};
					821EA02D1FB1476300BD8989 = {
						CreatedOnToolsVersion = 9.0;
						ProvisioningStyle = Automatic;
						TestTargetID = 821EA0191FB1476300BD8989;
					};
					821EA0381FB1476300BD8989 = {
						CreatedOnToolsVersion = 9.0;
						ProvisioningStyle = Automatic;
						TestTargetID = 821EA0191FB1476300BD8989;
					};
				};
			};
			buildConfigurationList = 821EA0151FB1476300BD8989 /* Build configuration list for PBXProject "DouYuZhiBo" */;
			compatibilityVersion = "Xcode 8.0";
			developmentRegion = en;
			hasScannedForEncodings = 0;
			knownRegions = (
				en,
				Base,
			);
			mainGroup = 821EA0111FB1476300BD8989;
			productRefGroup = 821EA01B1FB1476300BD8989 /* Products */;
			projectDirPath = "";
			projectRoot = "";
			targets = (
				821EA0191FB1476300BD8989 /* DouYuZhiBo */,
				821EA02D1FB1476300BD8989 /* DouYuZhiBoTests */,
				821EA0381FB1476300BD8989 /* DouYuZhiBoUITests */,
			);
		};
/* End PBXProject section */

/* Begin PBXResourcesBuildPhase section */
		821EA0181FB1476300BD8989 /* Resources */ = {
			isa = PBXResourcesBuildPhase;
			buildActionMask = 2147483647;
			files = (
				821EA0281FB1476300BD8989 /* LaunchScreen.storyboard in Resources */,
				821EA0251FB1476300BD8989 /* Assets.xcassets in Resources */,
				821EA0231FB1476300BD8989 /* Main.storyboard in Resources */,
			);
			runOnlyForDeploymentPostprocessing = 0;
		};
		821EA02C1FB1476300BD8989 /* Resources */ = {
			isa = PBXResourcesBuildPhase;
			buildActionMask = 2147483647;
			files = (
			);
			runOnlyForDeploymentPostprocessing = 0;
		};
		821EA0371FB1476300BD8989 /* Resources */ = {
			isa = PBXResourcesBuildPhase;
			buildActionMask = 2147483647;
			files = (
			);
			runOnlyForDeploymentPostprocessing = 0;
		};
/* End PBXResourcesBuildPhase section */

/* Begin PBXSourcesBuildPhase section */
		821EA0161FB1476300BD8989 /* Sources */ = {
			isa = PBXSourcesBuildPhase;
			buildActionMask = 2147483647;
			files = (
				821EA0201FB1476300BD8989 /* ViewController.swift in Sources */,
				821EA01E1FB1476300BD8989 /* AppDelegate.swift in Sources */,
			);
			runOnlyForDeploymentPostprocessing = 0;
		};
		821EA02A1FB1476300BD8989 /* Sources */ = {
			isa = PBXSourcesBuildPhase;
			buildActionMask = 2147483647;
			files = (
				821EA0331FB1476300BD8989 /* DouYuZhiBoTests.swift in Sources */,
			);
			runOnlyForDeploymentPostprocessing = 0;
		};
		821EA0351FB1476300BD8989 /* Sources */ = {
			isa = PBXSourcesBuildPhase;
			buildActionMask = 2147483647;
			files = (
				821EA03E1FB1476300BD8989 /* DouYuZhiBoUITests.swift in Sources */,
			);
			runOnlyForDeploymentPostprocessing = 0;
		};
/* End PBXSourcesBuildPhase section */

/* Begin PBXTargetDependency section */
		821EA0301FB1476300BD8989 /* PBXTargetDependency */ = {
			isa = PBXTargetDependency;
			target = 821EA0191FB1476300BD8989 /* DouYuZhiBo */;
			targetProxy = 821EA02F1FB1476300BD8989 /* PBXContainerItemProxy */;
		};
		821EA03B1FB1476300BD8989 /* PBXTargetDependency */ = {
			isa = PBXTargetDependency;
			target = 821EA0191FB1476300BD8989 /* DouYuZhiBo */;
			targetProxy = 821EA03A1FB1476300BD8989 /* PBXContainerItemProxy */;
		};
/* End PBXTargetDependency section */

/* Begin PBXVariantGroup section */
		821EA0211FB1476300BD8989 /* Main.storyboard */ = {
			isa = PBXVariantGroup;
			children = (
				821EA0221FB1476300BD8989 /* Base */,
			);
			name = Main.storyboard;
			sourceTree = "<group>";
		};
		821EA0261FB1476300BD8989 /* LaunchScreen.storyboard */ = {
			isa = PBXVariantGroup;
			children = (
				821EA0271FB1476300BD8989 /* Base */,
			);
			name = LaunchScreen.storyboard;
			sourceTree = "<group>";
		};
/* End PBXVariantGroup section */

/* Begin XCBuildConfiguration section */
		821EA0401FB1476300BD8989 /* Debug */ = {
			isa = XCBuildConfiguration;
			buildSettings = {
				ALWAYS_SEARCH_USER_PATHS = NO;
				CLANG_ANALYZER_NONNULL = YES;
				CLANG_ANALYZER_NUMBER_OBJECT_CONVERSION = YES_AGGRESSIVE;
				CLANG_CXX_LANGUAGE_STANDARD = "gnu++14";
				CLANG_CXX_LIBRARY = "libc++";
				CLANG_ENABLE_MODULES = YES;
				CLANG_ENABLE_OBJC_ARC = YES;
				CLANG_WARN_BLOCK_CAPTURE_AUTORELEASING = YES;
				CLANG_WARN_BOOL_CONVERSION = YES;
				CLANG_WARN_COMMA = YES;
				CLANG_WARN_CONSTANT_CONVERSION = YES;
				CLANG_WARN_DIRECT_OBJC_ISA_USAGE = YES_ERROR;
				CLANG_WARN_DOCUMENTATION_COMMENTS = YES;
				CLANG_WARN_EMPTY_BODY = YES;
				CLANG_WARN_ENUM_CONVERSION = YES;
				CLANG_WARN_INFINITE_RECURSION = YES;
				CLANG_WARN_INT_CONVERSION = YES;
				CLANG_WARN_NON_LITERAL_NULL_CONVERSION = YES;
				CLANG_WARN_OBJC_LITERAL_CONVERSION = YES;
				CLANG_WARN_OBJC_ROOT_CLASS = YES_ERROR;
				CLANG_WARN_RANGE_LOOP_ANALYSIS = YES;
				CLANG_WARN_STRICT_PROTOTYPES = YES;
				CLANG_WARN_SUSPICIOUS_MOVE = YES;
				CLANG_WARN_UNGUARDED_AVAILABILITY = YES_AGGRESSIVE;
				CLANG_WARN_UNREACHABLE_CODE = YES;
				CLANG_WARN__DUPLICATE_METHOD_MATCH = YES;
				CODE_SIGN_IDENTITY = "iPhone Developer";
				COPY_PHASE_STRIP = NO;
				DEBUG_INFORMATION_FORMAT = dwarf;
				ENABLE_STRICT_OBJC_MSGSEND = YES;
				ENABLE_TESTABILITY = YES;
				GCC_C_LANGUAGE_STANDARD = gnu11;
				GCC_DYNAMIC_NO_PIC = NO;
				GCC_NO_COMMON_BLOCKS = YES;
				GCC_OPTIMIZATION_LEVEL = 0;
				GCC_PREPROCESSOR_DEFINITIONS = (
					"DEBUG=1",
					"$(inherited)",
				);
				GCC_WARN_64_TO_32_BIT_CONVERSION = YES;
				GCC_WARN_ABOUT_RETURN_TYPE = YES_ERROR;
				GCC_WARN_UNDECLARED_SELECTOR = YES;
				GCC_WARN_UNINITIALIZED_AUTOS = YES_AGGRESSIVE;
				GCC_WARN_UNUSED_FUNCTION = YES;
				GCC_WARN_UNUSED_VARIABLE = YES;
				IPHONEOS_DEPLOYMENT_TARGET = 11.0;
				MTL_ENABLE_DEBUG_INFO = YES;
				ONLY_ACTIVE_ARCH = YES;
				SDKROOT = iphoneos;
				SWIFT_ACTIVE_COMPILATION_CONDITIONS = DEBUG;
				SWIFT_OPTIMIZATION_LEVEL = "-Onone";
			};
			name = Debug;
		};
		821EA0411FB1476300BD8989 /* Release */ = {
			isa = XCBuildConfiguration;
			buildSettings = {
				ALWAYS_SEARCH_USER_PATHS = NO;
				CLANG_ANALYZER_NONNULL = YES;
				CLANG_ANALYZER_NUMBER_OBJECT_CONVERSION = YES_AGGRESSIVE;
				CLANG_CXX_LANGUAGE_STANDARD = "gnu++14";
				CLANG_CXX_LIBRARY = "libc++";
				CLANG_ENABLE_MODULES = YES;
				CLANG_ENABLE_OBJC_ARC = YES;
				CLANG_WARN_BLOCK_CAPTURE_AUTORELEASING = YES;
				CLANG_WARN_BOOL_CONVERSION = YES;
				CLANG_WARN_COMMA = YES;
				CLANG_WARN_CONSTANT_CONVERSION = YES;
				CLANG_WARN_DIRECT_OBJC_ISA_USAGE = YES_ERROR;
				CLANG_WARN_DOCUMENTATION_COMMENTS = YES;
				CLANG_WARN_EMPTY_BODY = YES;
				CLANG_WARN_ENUM_CONVERSION = YES;
				CLANG_WARN_INFINITE_RECURSION = YES;
				CLANG_WARN_INT_CONVERSION = YES;
				CLANG_WARN_NON_LITERAL_NULL_CONVERSION = YES;
				CLANG_WARN_OBJC_LITERAL_CONVERSION = YES;
				CLANG_WARN_OBJC_ROOT_CLASS = YES_ERROR;
				CLANG_WARN_RANGE_LOOP_ANALYSIS = YES;
				CLANG_WARN_STRICT_PROTOTYPES = YES;
				CLANG_WARN_SUSPICIOUS_MOVE = YES;
				CLANG_WARN_UNGUARDED_AVAILABILITY = YES_AGGRESSIVE;
				CLANG_WARN_UNREACHABLE_CODE = YES;
				CLANG_WARN__DUPLICATE_METHOD_MATCH = YES;
				CODE_SIGN_IDENTITY = "iPhone Developer";
				COPY_PHASE_STRIP = NO;
				DEBUG_INFORMATION_FORMAT = "dwarf-with-dsym";
				ENABLE_NS_ASSERTIONS = NO;
				ENABLE_STRICT_OBJC_MSGSEND = YES;
				GCC_C_LANGUAGE_STANDARD = gnu11;
				GCC_NO_COMMON_BLOCKS = YES;
				GCC_WARN_64_TO_32_BIT_CONVERSION = YES;
				GCC_WARN_ABOUT_RETURN_TYPE = YES_ERROR;
				GCC_WARN_UNDECLARED_SELECTOR = YES;
				GCC_WARN_UNINITIALIZED_AUTOS = YES_AGGRESSIVE;
				GCC_WARN_UNUSED_FUNCTION = YES;
				GCC_WARN_UNUSED_VARIABLE = YES;
				IPHONEOS_DEPLOYMENT_TARGET = 11.0;
				MTL_ENABLE_DEBUG_INFO = NO;
				SDKROOT = iphoneos;
				SWIFT_OPTIMIZATION_LEVEL = "-Owholemodule";
				VALIDATE_PRODUCT = YES;
			};
			name = Release;
		};
		821EA0431FB1476300BD8989 /* Debug */ = {
			isa = XCBuildConfiguration;
			buildSettings = {
				ASSETCATALOG_COMPILER_APPICON_NAME = AppIcon;
				CODE_SIGN_STYLE = Automatic;
				DEVELOPMENT_TEAM = XGQBSGSG69;
				INFOPLIST_FILE = DouYuZhiBo/Info.plist;
				LD_RUNPATH_SEARCH_PATHS = "$(inherited) @executable_path/Frameworks";
				PRODUCT_BUNDLE_IDENTIFIER = jieyongChen.gitHub.com.DouYuZhiBo;
				PRODUCT_NAME = "$(TARGET_NAME)";
				SWIFT_VERSION = 4.0;
				TARGETED_DEVICE_FAMILY = "1,2";
			};
			name = Debug;
		};
		821EA0441FB1476300BD8989 /* Release */ = {
			isa = XCBuildConfiguration;
			buildSettings = {
				ASSETCATALOG_COMPILER_APPICON_NAME = AppIcon;
				CODE_SIGN_STYLE = Automatic;
				DEVELOPMENT_TEAM = XGQBSGSG69;
				INFOPLIST_FILE = DouYuZhiBo/Info.plist;
				LD_RUNPATH_SEARCH_PATHS = "$(inherited) @executable_path/Frameworks";
				PRODUCT_BUNDLE_IDENTIFIER = jieyongChen.gitHub.com.DouYuZhiBo;
				PRODUCT_NAME = "$(TARGET_NAME)";
				SWIFT_VERSION = 4.0;
				TARGETED_DEVICE_FAMILY = "1,2";
			};
			name = Release;
		};
		821EA0461FB1476300BD8989 /* Debug */ = {
			isa = XCBuildConfiguration;
			buildSettings = {
				ALWAYS_EMBED_SWIFT_STANDARD_LIBRARIES = YES;
				BUNDLE_LOADER = "$(TEST_HOST)";
				CODE_SIGN_STYLE = Automatic;
				DEVELOPMENT_TEAM = XGQBSGSG69;
				INFOPLIST_FILE = DouYuZhiBoTests/Info.plist;
				LD_RUNPATH_SEARCH_PATHS = "$(inherited) @executable_path/Frameworks @loader_path/Frameworks";
				PRODUCT_BUNDLE_IDENTIFIER = jieyongChen.gitHub.com.DouYuZhiBoTests;
				PRODUCT_NAME = "$(TARGET_NAME)";
				SWIFT_VERSION = 4.0;
				TARGETED_DEVICE_FAMILY = "1,2";
				TEST_HOST = "$(BUILT_PRODUCTS_DIR)/DouYuZhiBo.app/DouYuZhiBo";
			};
			name = Debug;
		};
		821EA0471FB1476300BD8989 /* Release */ = {
			isa = XCBuildConfiguration;
			buildSettings = {
				ALWAYS_EMBED_SWIFT_STANDARD_LIBRARIES = YES;
				BUNDLE_LOADER = "$(TEST_HOST)";
				CODE_SIGN_STYLE = Automatic;
				DEVELOPMENT_TEAM = XGQBSGSG69;
				INFOPLIST_FILE = DouYuZhiBoTests/Info.plist;
				LD_RUNPATH_SEARCH_PATHS = "$(inherited) @executable_path/Frameworks @loader_path/Frameworks";
				PRODUCT_BUNDLE_IDENTIFIER = jieyongChen.gitHub.com.DouYuZhiBoTests;
				PRODUCT_NAME = "$(TARGET_NAME)";
				SWIFT_VERSION = 4.0;
				TARGETED_DEVICE_FAMILY = "1,2";
				TEST_HOST = "$(BUILT_PRODUCTS_DIR)/DouYuZhiBo.app/DouYuZhiBo";
			};
			name = Release;
		};
		821EA0491FB1476300BD8989 /* Debug */ = {
			isa = XCBuildConfiguration;
			buildSettings = {
				ALWAYS_EMBED_SWIFT_STANDARD_LIBRARIES = YES;
				CODE_SIGN_STYLE = Automatic;
				DEVELOPMENT_TEAM = XGQBSGSG69;
				INFOPLIST_FILE = DouYuZhiBoUITests/Info.plist;
				LD_RUNPATH_SEARCH_PATHS = "$(inherited) @executable_path/Frameworks @loader_path/Frameworks";
				PRODUCT_BUNDLE_IDENTIFIER = jieyongChen.gitHub.com.DouYuZhiBoUITests;
				PRODUCT_NAME = "$(TARGET_NAME)";
				SWIFT_VERSION = 4.0;
				TARGETED_DEVICE_FAMILY = "1,2";
				TEST_TARGET_NAME = DouYuZhiBo;
			};
			name = Debug;
		};
		821EA04A1FB1476300BD8989 /* Release */ = {
			isa = XCBuildConfiguration;
			buildSettings = {
				ALWAYS_EMBED_SWIFT_STANDARD_LIBRARIES = YES;
				CODE_SIGN_STYLE = Automatic;
				DEVELOPMENT_TEAM = XGQBSGSG69;
				INFOPLIST_FILE = DouYuZhiBoUITests/Info.plist;
				LD_RUNPATH_SEARCH_PATHS = "$(inherited) @executable_path/Frameworks @loader_path/Frameworks";
				PRODUCT_BUNDLE_IDENTIFIER = jieyongChen.gitHub.com.DouYuZhiBoUITests;
				PRODUCT_NAME = "$(TARGET_NAME)";
				SWIFT_VERSION = 4.0;
				TARGETED_DEVICE_FAMILY = "1,2";
				TEST_TARGET_NAME = DouYuZhiBo;
			};
			name = Release;
		};
/* End XCBuildConfiguration section */

/* Begin XCConfigurationList section */
		821EA0151FB1476300BD8989 /* Build configuration list for PBXProject "DouYuZhiBo" */ = {
			isa = XCConfigurationList;
			buildConfigurations = (
				821EA0401FB1476300BD8989 /* Debug */,
				821EA0411FB1476300BD8989 /* Release */,
			);
			defaultConfigurationIsVisible = 0;
			defaultConfigurationName = Release;
		};
		821EA0421FB1476300BD8989 /* Build configuration list for PBXNativeTarget "DouYuZhiBo" */ = {
			isa = XCConfigurationList;
			buildConfigurations = (
				821EA0431FB1476300BD8989 /* Debug */,
				821EA0441FB1476300BD8989 /* Release */,
			);
			defaultConfigurationIsVisible = 0;
			defaultConfigurationName = Release;
		};
		821EA0451FB1476300BD8989 /* Build configuration list for PBXNativeTarget "DouYuZhiBoTests" */ = {
			isa = XCConfigurationList;
			buildConfigurations = (
				821EA0461FB1476300BD8989 /* Debug */,
				821EA0471FB1476300BD8989 /* Release */,
			);
			defaultConfigurationIsVisible = 0;
			defaultConfigurationName = Release;
		};
		821EA0481FB1476300BD8989 /* Build configuration list for PBXNativeTarget "DouYuZhiBoUITests" */ = {
			isa = XCConfigurationList;
			buildConfigurations = (
				821EA0491FB1476300BD8989 /* Debug */,
				821EA04A1FB1476300BD8989 /* Release */,
			);
			defaultConfigurationIsVisible = 0;
			defaultConfigurationName = Release;
		};
/* End XCConfigurationList section */
	};
	rootObject = 821EA0121FB1476300BD8989 /* Project object */;
}
